
Microsoft Visual Studio Solution File, Format Version 12.00
# Visual Studio Version 16
VisualStudioVersion = 16.0.31424.327
MinimumVisualStudioVersion = 10.0.40219.1
Project("{FAE04EC0-301F-11D3-BF4B-00C04F79EFBC}") = "EmployeeDesktopTask", "EmployeeDesktopTask\EmployeeDesktopTask.csproj", "{0C14C594-EE4B-4895-BE04-3E8EDF9FDCF0}"
EndProject
Global
	GlobalSection(SolutionConfigurationPlatforms) = preSolution
		Debug|Any CPU = Debug|Any CPU
		Release|Any CPU = Release|Any CPU
	EndGlobalSection
	GlobalSection(ProjectConfigurationPlatforms) = postSolution
		{0C14C594-EE4B-4895-BE04-3E8EDF9FDCF0}.Debug|Any CPU.ActiveCfg = Debug|Any CPU
		{0C14C594-EE4B-4895-BE04-3E8EDF9FDCF0}.Debug|Any CPU.Build.0 = Debug|Any CPU
		{0C14C594-EE4B-4895-BE04-3E8EDF9FDCF0}.Release|Any CPU.ActiveCfg = Release|Any CPU
		{0C14C594-EE4B-4895-BE04-3E8EDF9FDCF0}.Release|Any CPU.Build.0 = Release|Any CPU
	EndGlobalSection
	GlobalSection(SolutionProperties) = preSolution
		HideSolutionNode = FALSE
	EndGlobalSection
	GlobalSection(ExtensibilityGlobals) = postSolution
		SolutionGuid = {AC6F6068-BBF2-455F-9378-1A37D2333941}
	EndGlobalSection
EndGlobal
